
Microsoft Visual Studio Solution File, Format Version 12.00
# Visual Studio Version 16
VisualStudioVersion = 16.0.29728.190
MinimumVisualStudioVersion = 10.0.40219.1
Project("{FAE04EC0-301F-11D3-BF4B-00C04F79EFBC}") = "software testing les 2", "software testing les 2\software testing les 2.csproj", "{17767E67-F51F-49A8-8266-495AA721D55C}"
EndProject
Global
	GlobalSection(SolutionConfigurationPlatforms) = preSolution
		Debug|Any CPU = Debug|Any CPU
		Release|Any CPU = Release|Any CPU
	EndGlobalSection
	GlobalSection(ProjectConfigurationPlatforms) = postSolution
		{17767E67-F51F-49A8-8266-495AA721D55C}.Debug|Any CPU.ActiveCfg = Debug|Any CPU
		{17767E67-F51F-49A8-8266-495AA721D55C}.Debug|Any CPU.Build.0 = Debug|Any CPU
		{17767E67-F51F-49A8-8266-495AA721D55C}.Release|Any CPU.ActiveCfg = Release|Any CPU
		{17767E67-F51F-49A8-8266-495AA721D55C}.Release|Any CPU.Build.0 = Release|Any CPU
	EndGlobalSection
	GlobalSection(SolutionProperties) = preSolution
		HideSolutionNode = FALSE
	EndGlobalSection
	GlobalSection(ExtensibilityGlobals) = postSolution
		SolutionGuid = {72511FC2-69BE-4D97-8029-85AD6C66740C}
	EndGlobalSection
EndGlobal
